
Microsoft Visual Studio Solution File, Format Version 12.00
# Visual Studio Version 17
VisualStudioVersion = 17.7.34009.444
MinimumVisualStudioVersion = 10.0.40219.1
Project("{2150E333-8FDC-42A3-9474-1A3956D46DE8}") = "src", "src", "{C5C4F1B0-36AE-486F-9A00-8E5B314C84B2}"
EndProject
Project("{2150E333-8FDC-42A3-9474-1A3956D46DE8}") = "test", "test", "{73CC6905-7CA4-497F-A479-B51E5094EA63}"
EndProject
Project("{2150E333-8FDC-42A3-9474-1A3956D46DE8}") = "API", "API", "{E8EB76DE-DD63-4FE5-AE82-9EB427A7A3FB}"
EndProject
Project("{2150E333-8FDC-42A3-9474-1A3956D46DE8}") = "Core", "Core", "{BB54C925-5EE5-4B15-B9DE-C30F413B8226}"
EndProject
Project("{2150E333-8FDC-42A3-9474-1A3956D46DE8}") = "Infrastructure", "Infrastructure", "{458A2E31-A4DE-4381-8426-C2FD9CB8F82A}"
EndProject
Project("{2150E333-8FDC-42A3-9474-1A3956D46DE8}") = "UI", "UI", "{A6CB8C91-BAAF-4681-8039-E1B88C799DAB}"
EndProject
Project("{9A19103F-16F7-4668-BE54-9A1E7A4F7556}") = "HR.LeaveManagement.Domain", "HR.LeaveManagement.Domain\HR.LeaveManagement.Domain.csproj", "{6D79F34F-A020-4B41-AC31-90E27EAC9D3D}"
EndProject
Project("{9A19103F-16F7-4668-BE54-9A1E7A4F7556}") = "HR.LeaveManagement.Application", "HR.LeaveManagement.Application\HR.LeaveManagement.Application.csproj", "{37E53BA8-F645-438B-B151-007A688F17BC}"
EndProject
Project("{9A19103F-16F7-4668-BE54-9A1E7A4F7556}") = "HR.LeaveManagement.Persistence", "HR.LeaveManagement.Persistence\HR.LeaveManagement.Persistence.csproj", "{767CE7C2-F55C-4841-96AD-5BDE1569AD93}"
EndProject
Project("{9A19103F-16F7-4668-BE54-9A1E7A4F7556}") = "HR.LeaveManagement.Infrastructure", "HR.LeaveManagement.Infrastructure\HR.LeaveManagement.Infrastructure.csproj", "{42B1E38B-8CA6-467F-A48E-3B79B6FD5275}"
EndProject
Project("{9A19103F-16F7-4668-BE54-9A1E7A4F7556}") = "HR.LeaveManagement.Api", "HR.LeaveManagement.Api\HR.LeaveManagement.Api.csproj", "{2E588D64-E066-4B91-B195-2445E6678428}"
	ProjectSection(ProjectDependencies) = postProject
		{37E53BA8-F645-438B-B151-007A688F17BC} = {37E53BA8-F645-438B-B151-007A688F17BC}
		{42B1E38B-8CA6-467F-A48E-3B79B6FD5275} = {42B1E38B-8CA6-467F-A48E-3B79B6FD5275}
		{767CE7C2-F55C-4841-96AD-5BDE1569AD93} = {767CE7C2-F55C-4841-96AD-5BDE1569AD93}
	EndProjectSection
EndProject
Project("{FAE04EC0-301F-11D3-BF4B-00C04F79EFBC}") = "HR.LeaveManagement.Application.UnitTests", "HR.LeaveManagement.Application.UnitTests\HR.LeaveManagement.Application.UnitTests.csproj", "{3DF9AA1E-4A9B-49F6-8326-DC214BD4C717}"
EndProject
Global
	GlobalSection(SolutionConfigurationPlatforms) = preSolution
		Debug|Any CPU = Debug|Any CPU
		Release|Any CPU = Release|Any CPU
	EndGlobalSection
	GlobalSection(ProjectConfigurationPlatforms) = postSolution
		{6D79F34F-A020-4B41-AC31-90E27EAC9D3D}.Debug|Any CPU.ActiveCfg = Debug|Any CPU
		{6D79F34F-A020-4B41-AC31-90E27EAC9D3D}.Debug|Any CPU.Build.0 = Debug|Any CPU
		{6D79F34F-A020-4B41-AC31-90E27EAC9D3D}.Release|Any CPU.ActiveCfg = Release|Any CPU
		{6D79F34F-A020-4B41-AC31-90E27EAC9D3D}.Release|Any CPU.Build.0 = Release|Any CPU
		{37E53BA8-F645-438B-B151-007A688F17BC}.Debug|Any CPU.ActiveCfg = Debug|Any CPU
		{37E53BA8-F645-438B-B151-007A688F17BC}.Debug|Any CPU.Build.0 = Debug|Any CPU
		{37E53BA8-F645-438B-B151-007A688F17BC}.Release|Any CPU.ActiveCfg = Release|Any CPU
		{37E53BA8-F645-438B-B151-007A688F17BC}.Release|Any CPU.Build.0 = Release|Any CPU
		{767CE7C2-F55C-4841-96AD-5BDE1569AD93}.Debug|Any CPU.ActiveCfg = Debug|Any CPU
		{767CE7C2-F55C-4841-96AD-5BDE1569AD93}.Debug|Any CPU.Build.0 = Debug|Any CPU
		{767CE7C2-F55C-4841-96AD-5BDE1569AD93}.Release|Any CPU.ActiveCfg = Release|Any CPU
		{767CE7C2-F55C-4841-96AD-5BDE1569AD93}.Release|Any CPU.Build.0 = Release|Any CPU
		{42B1E38B-8CA6-467F-A48E-3B79B6FD5275}.Debug|Any CPU.ActiveCfg = Debug|Any CPU
		{42B1E38B-8CA6-467F-A48E-3B79B6FD5275}.Debug|Any CPU.Build.0 = Debug|Any CPU
		{42B1E38B-8CA6-467F-A48E-3B79B6FD5275}.Release|Any CPU.ActiveCfg = Release|Any CPU
		{42B1E38B-8CA6-467F-A48E-3B79B6FD5275}.Release|Any CPU.Build.0 = Release|Any CPU
		{2E588D64-E066-4B91-B195-2445E6678428}.Debug|Any CPU.ActiveCfg = Debug|Any CPU
		{2E588D64-E066-4B91-B195-2445E6678428}.Debug|Any CPU.Build.0 = Debug|Any CPU
		{2E588D64-E066-4B91-B195-2445E6678428}.Release|Any CPU.ActiveCfg = Release|Any CPU
		{2E588D64-E066-4B91-B195-2445E6678428}.Release|Any CPU.Build.0 = Release|Any CPU
		{3DF9AA1E-4A9B-49F6-8326-DC214BD4C717}.Debug|Any CPU.ActiveCfg = Debug|Any CPU
		{3DF9AA1E-4A9B-49F6-8326-DC214BD4C717}.Debug|Any CPU.Build.0 = Debug|Any CPU
		{3DF9AA1E-4A9B-49F6-8326-DC214BD4C717}.Release|Any CPU.ActiveCfg = Release|Any CPU
		{3DF9AA1E-4A9B-49F6-8326-DC214BD4C717}.Release|Any CPU.Build.0 = Release|Any CPU
	EndGlobalSection
	GlobalSection(SolutionProperties) = preSolution
		HideSolutionNode = FALSE
	EndGlobalSection
	GlobalSection(NestedProjects) = preSolution
		{E8EB76DE-DD63-4FE5-AE82-9EB427A7A3FB} = {C5C4F1B0-36AE-486F-9A00-8E5B314C84B2}
		{BB54C925-5EE5-4B15-B9DE-C30F413B8226} = {C5C4F1B0-36AE-486F-9A00-8E5B314C84B2}
		{458A2E31-A4DE-4381-8426-C2FD9CB8F82A} = {C5C4F1B0-36AE-486F-9A00-8E5B314C84B2}
		{A6CB8C91-BAAF-4681-8039-E1B88C799DAB} = {C5C4F1B0-36AE-486F-9A00-8E5B314C84B2}
		{6D79F34F-A020-4B41-AC31-90E27EAC9D3D} = {BB54C925-5EE5-4B15-B9DE-C30F413B8226}
		{37E53BA8-F645-438B-B151-007A688F17BC} = {BB54C925-5EE5-4B15-B9DE-C30F413B8226}
		{767CE7C2-F55C-4841-96AD-5BDE1569AD93} = {458A2E31-A4DE-4381-8426-C2FD9CB8F82A}
		{42B1E38B-8CA6-467F-A48E-3B79B6FD5275} = {458A2E31-A4DE-4381-8426-C2FD9CB8F82A}
		{2E588D64-E066-4B91-B195-2445E6678428} = {E8EB76DE-DD63-4FE5-AE82-9EB427A7A3FB}
		{3DF9AA1E-4A9B-49F6-8326-DC214BD4C717} = {73CC6905-7CA4-497F-A479-B51E5094EA63}
	EndGlobalSection
	GlobalSection(ExtensibilityGlobals) = postSolution
		SolutionGuid = {E464B369-7CD2-478F-A3C4-6A60DC2DC44C}
	EndGlobalSection
EndGlobal
